
Microsoft Visual Studio Solution File, Format Version 12.00
# Visual Studio Version 17
VisualStudioVersion = 17.14.36414.22
MinimumVisualStudioVersion = 10.0.40219.1
Project("{FAE04EC0-301F-11D3-BF4B-00C04F79EFBC}") = "JobHost", "src\JobHost\JobHost.csproj", "{8DF2C24B-949C-4443-A063-E5ECF7CEF3E6}"
EndProject
Project("{2150E333-8FDC-42A3-9474-1A3956D46DE8}") = "src", "src", "{827E0CD3-B72D-47B6-A68D-7590B98EB39B}"
EndProject
Project("{2150E333-8FDC-42A3-9474-1A3956D46DE8}") = "Domain", "Domain", "{8B290487-4C16-E85E-E807-F579CBE9FC4D}"
EndProject
Project("{FAE04EC0-301F-11D3-BF4B-00C04F79EFBC}") = "YCC.SapAutomation.Domain", "src\Domain\YCC.SapAutomation.Domain.csproj", "{8A9B526E-DAF9-4671-8597-1E94C6270C85}"
EndProject
Project("{FAE04EC0-301F-11D3-BF4B-00C04F79EFBC}") = "YCC.SapAutomation.Abstractions", "src\Abstractions\YCC.SapAutomation.Abstractions.csproj", "{7AF2B9D6-83DF-4E05-89F9-C449E1F7A664}"
EndProject
Project("{FAE04EC0-301F-11D3-BF4B-00C04F79EFBC}") = "YCC.SapAutomation.Application", "src\Application\YCC.SapAutomation.Application.csproj", "{D01D116E-607B-4C34-844C-2E3EABB77CDD}"
EndProject
Project("{FAE04EC0-301F-11D3-BF4B-00C04F79EFBC}") = "YCC.SapAutomation.Infrastructure", "src\Infrastructure\YCC.SapAutomation.Infrastructure.csproj", "{838B32B3-DB3C-4DAE-9B60-2C2F38CC3E2A}"
EndProject
Project("{FAE04EC0-301F-11D3-BF4B-00C04F79EFBC}") = "YCC.SapAutomation.Sap", "src\Sap\YCC.SapAutomation.Sap.csproj", "{7CB4BDF4-9AC5-4CBD-AB1C-19DE205B5452}"
EndProject
Project("{2150E333-8FDC-42A3-9474-1A3956D46DE8}") = "AutomationCli", "AutomationCli", "{EB1BC609-528E-9C9F-3804-F88670B502F0}"
EndProject
Project("{FAE04EC0-301F-11D3-BF4B-00C04F79EFBC}") = "YCC.SapAutomation.AutomationCli", "src\AutomationCli\YCC.SapAutomation.AutomationCli.csproj", "{78128DD1-222E-4856-B559-7E50D568EC8C}"
EndProject
Project("{2150E333-8FDC-42A3-9474-1A3956D46DE8}") = "ExternalApps", "ExternalApps", "{1BE4042E-45A4-C53D-DA00-7065BB66AA93}"
EndProject
Project("{2150E333-8FDC-42A3-9474-1A3956D46DE8}") = "SampleExternalApp", "SampleExternalApp", "{F9729714-56A7-BAE0-A448-C79DC7C6D49C}"
EndProject
Project("{FAE04EC0-301F-11D3-BF4B-00C04F79EFBC}") = "YCC.SampleExternalApp", "src\ExternalApps\SampleExternalApp\YCC.SampleExternalApp.csproj", "{21AD86D3-B548-419B-8C3C-045B3D346D1C}"
EndProject
Global
	GlobalSection(SolutionConfigurationPlatforms) = preSolution
		Debug|Any CPU = Debug|Any CPU
		Debug|x64 = Debug|x64
		Debug|x86 = Debug|x86
		Release|Any CPU = Release|Any CPU
		Release|x64 = Release|x64
		Release|x86 = Release|x86
	EndGlobalSection
	GlobalSection(ProjectConfigurationPlatforms) = postSolution
		{8DF2C24B-949C-4443-A063-E5ECF7CEF3E6}.Debug|Any CPU.ActiveCfg = Debug|Any CPU
		{8DF2C24B-949C-4443-A063-E5ECF7CEF3E6}.Debug|Any CPU.Build.0 = Debug|Any CPU
                {8DF2C24B-949C-4443-A063-E5ECF7CEF3E6}.Debug|x64.ActiveCfg = Debug|x64
                {8DF2C24B-949C-4443-A063-E5ECF7CEF3E6}.Debug|x64.Build.0 = Debug|x64
		{8DF2C24B-949C-4443-A063-E5ECF7CEF3E6}.Debug|x86.ActiveCfg = Debug|Any CPU
		{8DF2C24B-949C-4443-A063-E5ECF7CEF3E6}.Debug|x86.Build.0 = Debug|Any CPU
		{8DF2C24B-949C-4443-A063-E5ECF7CEF3E6}.Release|Any CPU.ActiveCfg = Release|Any CPU
		{8DF2C24B-949C-4443-A063-E5ECF7CEF3E6}.Release|Any CPU.Build.0 = Release|Any CPU
                {8DF2C24B-949C-4443-A063-E5ECF7CEF3E6}.Release|x64.ActiveCfg = Release|x64
                {8DF2C24B-949C-4443-A063-E5ECF7CEF3E6}.Release|x64.Build.0 = Release|x64
		{8DF2C24B-949C-4443-A063-E5ECF7CEF3E6}.Release|x86.ActiveCfg = Release|Any CPU
		{8DF2C24B-949C-4443-A063-E5ECF7CEF3E6}.Release|x86.Build.0 = Release|Any CPU
		{8A9B526E-DAF9-4671-8597-1E94C6270C85}.Debug|Any CPU.ActiveCfg = Debug|Any CPU
		{8A9B526E-DAF9-4671-8597-1E94C6270C85}.Debug|Any CPU.Build.0 = Debug|Any CPU
		{8A9B526E-DAF9-4671-8597-1E94C6270C85}.Debug|x64.ActiveCfg = Debug|Any CPU
		{8A9B526E-DAF9-4671-8597-1E94C6270C85}.Debug|x64.Build.0 = Debug|Any CPU
		{8A9B526E-DAF9-4671-8597-1E94C6270C85}.Debug|x86.ActiveCfg = Debug|Any CPU
		{8A9B526E-DAF9-4671-8597-1E94C6270C85}.Debug|x86.Build.0 = Debug|Any CPU
		{8A9B526E-DAF9-4671-8597-1E94C6270C85}.Release|Any CPU.ActiveCfg = Release|Any CPU
		{8A9B526E-DAF9-4671-8597-1E94C6270C85}.Release|Any CPU.Build.0 = Release|Any CPU
		{8A9B526E-DAF9-4671-8597-1E94C6270C85}.Release|x64.ActiveCfg = Release|Any CPU
		{8A9B526E-DAF9-4671-8597-1E94C6270C85}.Release|x64.Build.0 = Release|Any CPU
		{8A9B526E-DAF9-4671-8597-1E94C6270C85}.Release|x86.ActiveCfg = Release|Any CPU
		{8A9B526E-DAF9-4671-8597-1E94C6270C85}.Release|x86.Build.0 = Release|Any CPU
		{7AF2B9D6-83DF-4E05-89F9-C449E1F7A664}.Debug|Any CPU.ActiveCfg = Debug|Any CPU
		{7AF2B9D6-83DF-4E05-89F9-C449E1F7A664}.Debug|Any CPU.Build.0 = Debug|Any CPU
		{7AF2B9D6-83DF-4E05-89F9-C449E1F7A664}.Debug|x64.ActiveCfg = Debug|Any CPU
		{7AF2B9D6-83DF-4E05-89F9-C449E1F7A664}.Debug|x64.Build.0 = Debug|Any CPU
		{7AF2B9D6-83DF-4E05-89F9-C449E1F7A664}.Debug|x86.ActiveCfg = Debug|Any CPU
		{7AF2B9D6-83DF-4E05-89F9-C449E1F7A664}.Debug|x86.Build.0 = Debug|Any CPU
		{7AF2B9D6-83DF-4E05-89F9-C449E1F7A664}.Release|Any CPU.ActiveCfg = Release|Any CPU
		{7AF2B9D6-83DF-4E05-89F9-C449E1F7A664}.Release|Any CPU.Build.0 = Release|Any CPU
		{7AF2B9D6-83DF-4E05-89F9-C449E1F7A664}.Release|x64.ActiveCfg = Release|Any CPU
		{7AF2B9D6-83DF-4E05-89F9-C449E1F7A664}.Release|x64.Build.0 = Release|Any CPU
		{7AF2B9D6-83DF-4E05-89F9-C449E1F7A664}.Release|x86.ActiveCfg = Release|Any CPU
		{7AF2B9D6-83DF-4E05-89F9-C449E1F7A664}.Release|x86.Build.0 = Release|Any CPU
		{D01D116E-607B-4C34-844C-2E3EABB77CDD}.Debug|Any CPU.ActiveCfg = Debug|Any CPU
		{D01D116E-607B-4C34-844C-2E3EABB77CDD}.Debug|Any CPU.Build.0 = Debug|Any CPU
		{D01D116E-607B-4C34-844C-2E3EABB77CDD}.Debug|x64.ActiveCfg = Debug|Any CPU
		{D01D116E-607B-4C34-844C-2E3EABB77CDD}.Debug|x64.Build.0 = Debug|Any CPU
		{D01D116E-607B-4C34-844C-2E3EABB77CDD}.Debug|x86.ActiveCfg = Debug|Any CPU
		{D01D116E-607B-4C34-844C-2E3EABB77CDD}.Debug|x86.Build.0 = Debug|Any CPU
		{D01D116E-607B-4C34-844C-2E3EABB77CDD}.Release|Any CPU.ActiveCfg = Release|Any CPU
		{D01D116E-607B-4C34-844C-2E3EABB77CDD}.Release|Any CPU.Build.0 = Release|Any CPU
		{D01D116E-607B-4C34-844C-2E3EABB77CDD}.Release|x64.ActiveCfg = Release|Any CPU
		{D01D116E-607B-4C34-844C-2E3EABB77CDD}.Release|x64.Build.0 = Release|Any CPU
		{D01D116E-607B-4C34-844C-2E3EABB77CDD}.Release|x86.ActiveCfg = Release|Any CPU
		{D01D116E-607B-4C34-844C-2E3EABB77CDD}.Release|x86.Build.0 = Release|Any CPU
		{838B32B3-DB3C-4DAE-9B60-2C2F38CC3E2A}.Debug|Any CPU.ActiveCfg = Debug|Any CPU
		{838B32B3-DB3C-4DAE-9B60-2C2F38CC3E2A}.Debug|Any CPU.Build.0 = Debug|Any CPU
		{838B32B3-DB3C-4DAE-9B60-2C2F38CC3E2A}.Debug|x64.ActiveCfg = Debug|Any CPU
		{838B32B3-DB3C-4DAE-9B60-2C2F38CC3E2A}.Debug|x64.Build.0 = Debug|Any CPU
		{838B32B3-DB3C-4DAE-9B60-2C2F38CC3E2A}.Debug|x86.ActiveCfg = Debug|Any CPU
		{838B32B3-DB3C-4DAE-9B60-2C2F38CC3E2A}.Debug|x86.Build.0 = Debug|Any CPU
		{838B32B3-DB3C-4DAE-9B60-2C2F38CC3E2A}.Release|Any CPU.ActiveCfg = Release|Any CPU
		{838B32B3-DB3C-4DAE-9B60-2C2F38CC3E2A}.Release|Any CPU.Build.0 = Release|Any CPU
		{838B32B3-DB3C-4DAE-9B60-2C2F38CC3E2A}.Release|x64.ActiveCfg = Release|Any CPU
		{838B32B3-DB3C-4DAE-9B60-2C2F38CC3E2A}.Release|x64.Build.0 = Release|Any CPU
		{838B32B3-DB3C-4DAE-9B60-2C2F38CC3E2A}.Release|x86.ActiveCfg = Release|Any CPU
		{838B32B3-DB3C-4DAE-9B60-2C2F38CC3E2A}.Release|x86.Build.0 = Release|Any CPU
		{7CB4BDF4-9AC5-4CBD-AB1C-19DE205B5452}.Debug|Any CPU.ActiveCfg = Debug|Any CPU
		{7CB4BDF4-9AC5-4CBD-AB1C-19DE205B5452}.Debug|Any CPU.Build.0 = Debug|Any CPU
		{7CB4BDF4-9AC5-4CBD-AB1C-19DE205B5452}.Debug|x64.ActiveCfg = Debug|Any CPU
		{7CB4BDF4-9AC5-4CBD-AB1C-19DE205B5452}.Debug|x64.Build.0 = Debug|Any CPU
		{7CB4BDF4-9AC5-4CBD-AB1C-19DE205B5452}.Debug|x86.ActiveCfg = Debug|Any CPU
		{7CB4BDF4-9AC5-4CBD-AB1C-19DE205B5452}.Debug|x86.Build.0 = Debug|Any CPU
		{7CB4BDF4-9AC5-4CBD-AB1C-19DE205B5452}.Release|Any CPU.ActiveCfg = Release|Any CPU
		{7CB4BDF4-9AC5-4CBD-AB1C-19DE205B5452}.Release|Any CPU.Build.0 = Release|Any CPU
		{7CB4BDF4-9AC5-4CBD-AB1C-19DE205B5452}.Release|x64.ActiveCfg = Release|Any CPU
		{7CB4BDF4-9AC5-4CBD-AB1C-19DE205B5452}.Release|x64.Build.0 = Release|Any CPU
		{7CB4BDF4-9AC5-4CBD-AB1C-19DE205B5452}.Release|x86.ActiveCfg = Release|Any CPU
		{7CB4BDF4-9AC5-4CBD-AB1C-19DE205B5452}.Release|x86.Build.0 = Release|Any CPU
		{78128DD1-222E-4856-B559-7E50D568EC8C}.Debug|Any CPU.ActiveCfg = Debug|Any CPU
		{78128DD1-222E-4856-B559-7E50D568EC8C}.Debug|Any CPU.Build.0 = Debug|Any CPU
		{78128DD1-222E-4856-B559-7E50D568EC8C}.Debug|x64.ActiveCfg = Debug|Any CPU
		{78128DD1-222E-4856-B559-7E50D568EC8C}.Debug|x64.Build.0 = Debug|Any CPU
		{78128DD1-222E-4856-B559-7E50D568EC8C}.Debug|x86.ActiveCfg = Debug|Any CPU
		{78128DD1-222E-4856-B559-7E50D568EC8C}.Debug|x86.Build.0 = Debug|Any CPU
		{78128DD1-222E-4856-B559-7E50D568EC8C}.Release|Any CPU.ActiveCfg = Release|Any CPU
		{78128DD1-222E-4856-B559-7E50D568EC8C}.Release|Any CPU.Build.0 = Release|Any CPU
		{78128DD1-222E-4856-B559-7E50D568EC8C}.Release|x64.ActiveCfg = Release|Any CPU
		{78128DD1-222E-4856-B559-7E50D568EC8C}.Release|x64.Build.0 = Release|Any CPU
		{78128DD1-222E-4856-B559-7E50D568EC8C}.Release|x86.ActiveCfg = Release|Any CPU
		{78128DD1-222E-4856-B559-7E50D568EC8C}.Release|x86.Build.0 = Release|Any CPU
		{21AD86D3-B548-419B-8C3C-045B3D346D1C}.Debug|Any CPU.ActiveCfg = Debug|Any CPU
		{21AD86D3-B548-419B-8C3C-045B3D346D1C}.Debug|Any CPU.Build.0 = Debug|Any CPU
		{21AD86D3-B548-419B-8C3C-045B3D346D1C}.Debug|x64.ActiveCfg = Debug|Any CPU
		{21AD86D3-B548-419B-8C3C-045B3D346D1C}.Debug|x64.Build.0 = Debug|Any CPU
		{21AD86D3-B548-419B-8C3C-045B3D346D1C}.Debug|x86.ActiveCfg = Debug|Any CPU
		{21AD86D3-B548-419B-8C3C-045B3D346D1C}.Debug|x86.Build.0 = Debug|Any CPU
		{21AD86D3-B548-419B-8C3C-045B3D346D1C}.Release|Any CPU.ActiveCfg = Release|Any CPU
		{21AD86D3-B548-419B-8C3C-045B3D346D1C}.Release|Any CPU.Build.0 = Release|Any CPU
		{21AD86D3-B548-419B-8C3C-045B3D346D1C}.Release|x64.ActiveCfg = Release|Any CPU
		{21AD86D3-B548-419B-8C3C-045B3D346D1C}.Release|x64.Build.0 = Release|Any CPU
		{21AD86D3-B548-419B-8C3C-045B3D346D1C}.Release|x86.ActiveCfg = Release|Any CPU
	EndGlobalSection
	GlobalSection(SolutionProperties) = preSolution
		HideSolutionNode = FALSE
	EndGlobalSection
	GlobalSection(NestedProjects) = preSolution
		{8B290487-4C16-E85E-E807-F579CBE9FC4D} = {827E0CD3-B72D-47B6-A68D-7590B98EB39B}
		{8A9B526E-DAF9-4671-8597-1E94C6270C85} = {8B290487-4C16-E85E-E807-F579CBE9FC4D}
		{7AF2B9D6-83DF-4E05-89F9-C449E1F7A664} = {8B290487-4C16-E85E-E807-F579CBE9FC4D}
		{D01D116E-607B-4C34-844C-2E3EABB77CDD} = {8B290487-4C16-E85E-E807-F579CBE9FC4D}
		{838B32B3-DB3C-4DAE-9B60-2C2F38CC3E2A} = {8B290487-4C16-E85E-E807-F579CBE9FC4D}
		{7CB4BDF4-9AC5-4CBD-AB1C-19DE205B5452} = {8B290487-4C16-E85E-E807-F579CBE9FC4D}
		{EB1BC609-528E-9C9F-3804-F88670B502F0} = {827E0CD3-B72D-47B6-A68D-7590B98EB39B}
		{78128DD1-222E-4856-B559-7E50D568EC8C} = {EB1BC609-528E-9C9F-3804-F88670B502F0}
		{1BE4042E-45A4-C53D-DA00-7065BB66AA93} = {827E0CD3-B72D-47B6-A68D-7590B98EB39B}
		{F9729714-56A7-BAE0-A448-C79DC7C6D49C} = {1BE4042E-45A4-C53D-DA00-7065BB66AA93}
		{21AD86D3-B548-419B-8C3C-045B3D346D1C} = {F9729714-56A7-BAE0-A448-C79DC7C6D49C}
	EndGlobalSection
	GlobalSection(ExtensibilityGlobals) = postSolution
		SolutionGuid = {8EE22FC1-5344-4400-BCBB-DB459EBF6386}
	EndGlobalSection
EndGlobal
